<?xml version="1.0" encoding="utf-8"?>
<Project ToolsVersion="4.0" xmlns="http://schemas.microsoft.com/developer/msbuild/2003">
  <ItemGroup>
    <Filter Include="Source Files">
      <UniqueIdentifier>{4FC737F1-C7A5-4376-A066-2A32D752A2FF}</UniqueIdentifier>
      <Extensions>cpp;c;cc;cxx;c++;cppm;ixx;def;odl;idl;hpj;bat;asm;asmx</Extensions>
    </Filter>
    <Filter Include="Header Files">
      <UniqueIdentifier>{93995380-89BD-4b04-88EB-625FBE52EBFB}</UniqueIdentifier>
      <Extensions>h;hh;hpp;hxx;h++;hm;inl;inc;ipp;xsd</Extensions>
    </Filter>
    <Filter Include="Resource Files">
      <UniqueIdentifier>{67DA6AB6-F800-4c08-8B7A-83BB121AAD01}</UniqueIdentifier>
      <Extensions>rc;ico;cur;bmp;dlg;rc2;rct;bin;rgs;gif;jpg;jpeg;jpe;resx;tiff;tif;png;wav;mfcribbon-ms</Extensions>
    </Filter>
  </ItemGroup>
  <ItemGroup>
    <ClInclude Include="include\core\input\keyCodes.hpp">
      <Filter>Header Files</Filter>
    </ClInclude>
    <ClInclude Include="include\core\input\mouseCodes.hpp">
      <Filter>Header Files</Filter>
    </ClInclude>
    <ClInclude Include="include\core\application.hpp">
      <Filter>Header Files</Filter>
    </ClInclude>
    <ClInclude Include="include\core\assertions.hpp">
      <Filter>Header Files</Filter>
    </ClInclude>
    <ClInclude Include="include\core\game.hpp">
      <Filter>Header Files</Filter>
    </ClInclude>
    <ClInclude Include="include\core\logging.hpp">
      <Filter>Header Files</Filter>
    </ClInclude>
    <ClInclude Include="include\math\math.hpp">
      <Filter>Header Files</Filter>
    </ClInclude>
    <ClInclude Include="include\defines.hpp">
      <Filter>Header Files</Filter>
    </ClInclude>
    <ClInclude Include="include\engineMain.hpp">
      <Filter>Header Files</Filter>
    </ClInclude>
    <ClInclude Include="source\core\application\applicationBase.hpp">
      <Filter>Header Files</Filter>
    </ClInclude>
    <ClInclude Include="source\core\application\applicationImpl.hpp">
      <Filter>Header Files</Filter>
    </ClInclude>
    <ClInclude Include="source\core\input\inputStates.hpp">
      <Filter>Header Files</Filter>
    </ClInclude>
    <ClInclude Include="source\core\clock.hpp">
      <Filter>Header Files</Filter>
    </ClInclude>
    <ClInclude Include="source\platform\win64\inputMapping.hpp">
      <Filter>Header Files</Filter>
    </ClInclude>
    <ClInclude Include="source\platform\iplatformClock.hpp">
      <Filter>Header Files</Filter>
    </ClInclude>
    <ClInclude Include="source\platform\iplatformFileSystem.hpp">
      <Filter>Header Files</Filter>
    </ClInclude>
    <ClInclude Include="source\platform\iplatformInput.hpp">
      <Filter>Header Files</Filter>
    </ClInclude>
    <ClInclude Include="source\platform\iwindow.hpp">
      <Filter>Header Files</Filter>
    </ClInclude>
    <ClInclude Include="source\platform\platform.hpp">
      <Filter>Header Files</Filter>
    </ClInclude>
    <ClInclude Include="source\platform\platformClock.hpp">
      <Filter>Header Files</Filter>
    </ClInclude>
    <ClInclude Include="source\platform\platformFileSystem.hpp">
      <Filter>Header Files</Filter>
    </ClInclude>
    <ClInclude Include="source\platform\platformInput.hpp">
      <Filter>Header Files</Filter>
    </ClInclude>
    <ClInclude Include="source\platform\window.hpp">
      <Filter>Header Files</Filter>
    </ClInclude>
    <ClInclude Include="include\core\ecs\types.hpp">
      <Filter>Header Files</Filter>
    </ClInclude>
    <ClInclude Include="include\systems\ecs\componentManager\componentManager.hpp">
      <Filter>Header Files</Filter>
    </ClInclude>
    <ClInclude Include="include\systems\ecs\entityManager\entityManager.hpp">
      <Filter>Header Files</Filter>
    </ClInclude>
    <ClInclude Include="include\systems\ecs\entityComponent.hpp">
      <Filter>Header Files</Filter>
    </ClInclude>
    <ClInclude Include="source\systems\events\events.h">
      <Filter>Header Files</Filter>
    </ClInclude>
    <ClInclude Include="source\systems\events\eventSystem.hpp">
      <Filter>Header Files</Filter>
    </ClInclude>
    <ClInclude Include="source\systems\events\ieventSystem.hpp">
      <Filter>Header Files</Filter>
    </ClInclude>
    <ClInclude Include="source\systems\input\inputSystem.hpp">
      <Filter>Header Files</Filter>
    </ClInclude>
    <ClInclude Include="source\systems\renderer\common\models.hpp">
      <Filter>Header Files</Filter>
    </ClInclude>
    <ClInclude Include="source\systems\renderer\vulkan\resources\model.hpp">
      <Filter>Header Files</Filter>
    </ClInclude>
    <ClInclude Include="source\systems\renderer\vulkan\vulkanComponents\builders\ivulkanBufferBuilder.hpp">
      <Filter>Header Files</Filter>
    </ClInclude>
    <ClInclude Include="source\systems\renderer\vulkan\vulkanComponents\builders\ivulkanCommandBufferBuilder.hpp">
      <Filter>Header Files</Filter>
    </ClInclude>
    <ClInclude Include="source\systems\renderer\vulkan\vulkanComponents\builders\ivulkanCommandPoolBuilder.hpp">
      <Filter>Header Files</Filter>
    </ClInclude>
    <ClInclude Include="source\systems\renderer\vulkan\vulkanComponents\builders\ivulkanDescriptorPoolBuilder.hpp">
      <Filter>Header Files</Filter>
    </ClInclude>
    <ClInclude Include="source\systems\renderer\vulkan\vulkanComponents\builders\ivulkanDescriptorSetBuilder.hpp">
      <Filter>Header Files</Filter>
    </ClInclude>
    <ClInclude Include="source\systems\renderer\vulkan\vulkanComponents\builders\ivulkanDescriptorSetLayoutBuilder.hpp">
      <Filter>Header Files</Filter>
    </ClInclude>
    <ClInclude Include="source\systems\renderer\vulkan\vulkanComponents\builders\ivulkanDeviceBuilder.hpp">
      <Filter>Header Files</Filter>
    </ClInclude>
    <ClInclude Include="source\systems\renderer\vulkan\vulkanComponents\builders\ivulkanFenceBuilder.hpp">
      <Filter>Header Files</Filter>
    </ClInclude>
    <ClInclude Include="source\systems\renderer\vulkan\vulkanComponents\builders\ivulkanFramebufferBuilder.hpp">
      <Filter>Header Files</Filter>
    </ClInclude>
    <ClInclude Include="source\systems\renderer\vulkan\vulkanComponents\builders\ivulkanImageBuilder.hpp">
      <Filter>Header Files</Filter>
    </ClInclude>
    <ClInclude Include="source\systems\renderer\vulkan\vulkanComponents\builders\ivulkanInstanceBuilder.hpp">
      <Filter>Header Files</Filter>
    </ClInclude>
    <ClInclude Include="source\systems\renderer\vulkan\vulkanComponents\builders\ivulkanPipelineBuilder.hpp">
      <Filter>Header Files</Filter>
    </ClInclude>
    <ClInclude Include="source\systems\renderer\vulkan\vulkanComponents\builders\ivulkanQueueBuilder.hpp">
      <Filter>Header Files</Filter>
    </ClInclude>
    <ClInclude Include="source\systems\renderer\vulkan\vulkanComponents\builders\ivulkanRenderPassBuilder.hpp">
      <Filter>Header Files</Filter>
    </ClInclude>
    <ClInclude Include="source\systems\renderer\vulkan\vulkanComponents\builders\ivulkanSamplerBuilder.hpp">
      <Filter>Header Files</Filter>
    </ClInclude>
    <ClInclude Include="source\systems\renderer\vulkan\vulkanComponents\builders\ivulkanSemaphoreBuilder.hpp">
      <Filter>Header Files</Filter>
    </ClInclude>
    <ClInclude Include="source\systems\renderer\vulkan\vulkanComponents\builders\ivulkanShaderModuleBuilder.hpp">
      <Filter>Header Files</Filter>
    </ClInclude>
    <ClInclude Include="source\systems\renderer\vulkan\vulkanComponents\builders\ivulkanSurfaceBuilder.hpp">
      <Filter>Header Files</Filter>
    </ClInclude>
    <ClInclude Include="source\systems\renderer\vulkan\vulkanComponents\builders\ivulkanSwapchainBuilder.hpp">
      <Filter>Header Files</Filter>
    </ClInclude>
    <ClInclude Include="source\systems\renderer\vulkan\vulkanComponents\builders\vulkanBufferBuilder.hpp">
      <Filter>Header Files</Filter>
    </ClInclude>
    <ClInclude Include="source\systems\renderer\vulkan\vulkanComponents\builders\vulkanCommandBufferBuilder.hpp">
      <Filter>Header Files</Filter>
    </ClInclude>
    <ClInclude Include="source\systems\renderer\vulkan\vulkanComponents\builders\vulkanCommandPoolBuilder.hpp">
      <Filter>Header Files</Filter>
    </ClInclude>
    <ClInclude Include="source\systems\renderer\vulkan\vulkanComponents\builders\vulkanDescriptorPoolBuilder.hpp">
      <Filter>Header Files</Filter>
    </ClInclude>
    <ClInclude Include="source\systems\renderer\vulkan\vulkanComponents\builders\vulkanDescriptorSetBuilder.hpp">
      <Filter>Header Files</Filter>
    </ClInclude>
    <ClInclude Include="source\systems\renderer\vulkan\vulkanComponents\builders\vulkanDescriptorSetLayoutBuilder.hpp">
      <Filter>Header Files</Filter>
    </ClInclude>
    <ClInclude Include="source\systems\renderer\vulkan\vulkanComponents\builders\vulkanDeviceBuilder.hpp">
      <Filter>Header Files</Filter>
    </ClInclude>
    <ClInclude Include="source\systems\renderer\vulkan\vulkanComponents\builders\vulkanFenceBuilder.hpp">
      <Filter>Header Files</Filter>
    </ClInclude>
    <ClInclude Include="source\systems\renderer\vulkan\vulkanComponents\builders\vulkanFramebufferBuilder.hpp">
      <Filter>Header Files</Filter>
    </ClInclude>
    <ClInclude Include="source\systems\renderer\vulkan\vulkanComponents\builders\vulkanImageBuilder.hpp">
      <Filter>Header Files</Filter>
    </ClInclude>
    <ClInclude Include="source\systems\renderer\vulkan\vulkanComponents\builders\vulkanInstanceBuilder.hpp">
      <Filter>Header Files</Filter>
    </ClInclude>
    <ClInclude Include="source\systems\renderer\vulkan\vulkanComponents\builders\vulkanPipelineBuilder.hpp">
      <Filter>Header Files</Filter>
    </ClInclude>
    <ClInclude Include="source\systems\renderer\vulkan\vulkanComponents\builders\vulkanQueueBuilder.hpp">
      <Filter>Header Files</Filter>
    </ClInclude>
    <ClInclude Include="source\systems\renderer\vulkan\vulkanComponents\builders\vulkanRenderPassBuilder.hpp">
      <Filter>Header Files</Filter>
    </ClInclude>
    <ClInclude Include="source\systems\renderer\vulkan\vulkanComponents\builders\vulkanSamplerBuilder.hpp">
      <Filter>Header Files</Filter>
    </ClInclude>
    <ClInclude Include="source\systems\renderer\vulkan\vulkanComponents\builders\vulkanSemaphoreBuilder.hpp">
      <Filter>Header Files</Filter>
    </ClInclude>
    <ClInclude Include="source\systems\renderer\vulkan\vulkanComponents\builders\vulkanShaderModuleBuilder.hpp">
      <Filter>Header Files</Filter>
    </ClInclude>
    <ClInclude Include="source\systems\renderer\vulkan\vulkanComponents\builders\vulkanSurfaceBuilder.hpp">
      <Filter>Header Files</Filter>
    </ClInclude>
    <ClInclude Include="source\systems\renderer\vulkan\vulkanComponents\builders\vulkanSwapchainBuilder.hpp">
      <Filter>Header Files</Filter>
    </ClInclude>
    <ClInclude Include="source\systems\renderer\vulkan\vulkanComponents\ivulkanBuffer.hpp">
      <Filter>Header Files</Filter>
    </ClInclude>
    <ClInclude Include="source\systems\renderer\vulkan\vulkanComponents\ivulkanCommandBuffer.hpp">
      <Filter>Header Files</Filter>
    </ClInclude>
    <ClInclude Include="source\systems\renderer\vulkan\vulkanComponents\ivulkanCommandPool.hpp">
      <Filter>Header Files</Filter>
    </ClInclude>
    <ClInclude Include="source\systems\renderer\vulkan\vulkanComponents\ivulkanComponent.hpp">
      <Filter>Header Files</Filter>
    </ClInclude>
    <ClInclude Include="source\systems\renderer\vulkan\vulkanComponents\ivulkanDescriptorPool.hpp">
      <Filter>Header Files</Filter>
    </ClInclude>
    <ClInclude Include="source\systems\renderer\vulkan\vulkanComponents\ivulkanDescriptorSet.hpp">
      <Filter>Header Files</Filter>
    </ClInclude>
    <ClInclude Include="source\systems\renderer\vulkan\vulkanComponents\ivulkanDescriptorSetLayout.hpp">
      <Filter>Header Files</Filter>
    </ClInclude>
    <ClInclude Include="source\systems\renderer\vulkan\vulkanComponents\ivulkanDevice.hpp">
      <Filter>Header Files</Filter>
    </ClInclude>
    <ClInclude Include="source\systems\renderer\vulkan\vulkanComponents\ivulkanFence.hpp">
      <Filter>Header Files</Filter>
    </ClInclude>
    <ClInclude Include="source\systems\renderer\vulkan\vulkanComponents\ivulkanFramebuffer.hpp">
      <Filter>Header Files</Filter>
    </ClInclude>
    <ClInclude Include="source\systems\renderer\vulkan\vulkanComponents\ivulkanImage.hpp">
      <Filter>Header Files</Filter>
    </ClInclude>
    <ClInclude Include="source\systems\renderer\vulkan\vulkanComponents\ivulkanInstance.hpp">
      <Filter>Header Files</Filter>
    </ClInclude>
    <ClInclude Include="source\systems\renderer\vulkan\vulkanComponents\ivulkanPipeline.hpp">
      <Filter>Header Files</Filter>
    </ClInclude>
    <ClInclude Include="source\systems\renderer\vulkan\vulkanComponents\ivulkanQueue.hpp">
      <Filter>Header Files</Filter>
    </ClInclude>
    <ClInclude Include="source\systems\renderer\vulkan\vulkanComponents\ivulkanRenderPass.hpp">
      <Filter>Header Files</Filter>
    </ClInclude>
    <ClInclude Include="source\systems\renderer\vulkan\vulkanComponents\ivulkanSampler.hpp">
      <Filter>Header Files</Filter>
    </ClInclude>
    <ClInclude Include="source\systems\renderer\vulkan\vulkanComponents\ivulkanSemaphore.hpp">
      <Filter>Header Files</Filter>
    </ClInclude>
    <ClInclude Include="source\systems\renderer\vulkan\vulkanComponents\ivulkanShaderModule.hpp">
      <Filter>Header Files</Filter>
    </ClInclude>
    <ClInclude Include="source\systems\renderer\vulkan\vulkanComponents\ivulkanSurface.hpp">
      <Filter>Header Files</Filter>
    </ClInclude>
    <ClInclude Include="source\systems\renderer\vulkan\vulkanComponents\ivulkanSwapchain.hpp">
      <Filter>Header Files</Filter>
    </ClInclude>
    <ClInclude Include="source\systems\renderer\vulkan\vulkanComponents\vulkanBuffer.hpp">
      <Filter>Header Files</Filter>
    </ClInclude>
    <ClInclude Include="source\systems\renderer\vulkan\vulkanComponents\vulkanCommandBuffer.hpp">
      <Filter>Header Files</Filter>
    </ClInclude>
    <ClInclude Include="source\systems\renderer\vulkan\vulkanComponents\vulkanCommandPool.hpp">
      <Filter>Header Files</Filter>
    </ClInclude>
    <ClInclude Include="source\systems\renderer\vulkan\vulkanComponents\vulkanDescriptorPool.hpp">
      <Filter>Header Files</Filter>
    </ClInclude>
    <ClInclude Include="source\systems\renderer\vulkan\vulkanComponents\vulkanDescriptorSet.hpp">
      <Filter>Header Files</Filter>
    </ClInclude>
    <ClInclude Include="source\systems\renderer\vulkan\vulkanComponents\vulkanDescriptorSetLayout.hpp">
      <Filter>Header Files</Filter>
    </ClInclude>
    <ClInclude Include="source\systems\renderer\vulkan\vulkanComponents\vulkanDevice.hpp">
      <Filter>Header Files</Filter>
    </ClInclude>
    <ClInclude Include="source\systems\renderer\vulkan\vulkanComponents\vulkanFence.hpp">
      <Filter>Header Files</Filter>
    </ClInclude>
    <ClInclude Include="source\systems\renderer\vulkan\vulkanComponents\vulkanFramebuffer.hpp">
      <Filter>Header Files</Filter>
    </ClInclude>
    <ClInclude Include="source\systems\renderer\vulkan\vulkanComponents\vulkanImage.hpp">
      <Filter>Header Files</Filter>
    </ClInclude>
    <ClInclude Include="source\systems\renderer\vulkan\vulkanComponents\vulkanInstance.hpp">
      <Filter>Header Files</Filter>
    </ClInclude>
    <ClInclude Include="source\systems\renderer\vulkan\vulkanComponents\vulkanPipeline.hpp">
      <Filter>Header Files</Filter>
    </ClInclude>
    <ClInclude Include="source\systems\renderer\vulkan\vulkanComponents\vulkanQueue.hpp">
      <Filter>Header Files</Filter>
    </ClInclude>
    <ClInclude Include="source\systems\renderer\vulkan\vulkanComponents\vulkanRenderPass.hpp">
      <Filter>Header Files</Filter>
    </ClInclude>
    <ClInclude Include="source\systems\renderer\vulkan\vulkanComponents\vulkanSampler.hpp">
      <Filter>Header Files</Filter>
    </ClInclude>
    <ClInclude Include="source\systems\renderer\vulkan\vulkanComponents\vulkanSemaphore.hpp">
      <Filter>Header Files</Filter>
    </ClInclude>
    <ClInclude Include="source\systems\renderer\vulkan\vulkanComponents\vulkanShaderModule.hpp">
      <Filter>Header Files</Filter>
    </ClInclude>
    <ClInclude Include="source\systems\renderer\vulkan\vulkanComponents\vulkanSurface.hpp">
      <Filter>Header Files</Filter>
    </ClInclude>
    <ClInclude Include="source\systems\renderer\vulkan\vulkanComponents\vulkanSwapchain.hpp">
      <Filter>Header Files</Filter>
    </ClInclude>
    <ClInclude Include="source\systems\renderer\vulkan\vulkanRenderer.hpp">
      <Filter>Header Files</Filter>
    </ClInclude>
    <ClInclude Include="source\systems\renderer\irendererBackend.hpp">
      <Filter>Header Files</Filter>
    </ClInclude>
    <ClInclude Include="source\systems\renderer\rendererSystem.hpp">
      <Filter>Header Files</Filter>
    </ClInclude>
    <ClInclude Include="source\systems\resource\resourceSystem.hpp">
      <Filter>Header Files</Filter>
    </ClInclude>
    <ClInclude Include="source\core\serviceLocator\serviceLocator.hpp">
      <Filter>Header Files</Filter>
    </ClInclude>
  </ItemGroup>
  <ItemGroup>
    <ClCompile Include="source\core\application\application.cpp">
      <Filter>Source Files</Filter>
    </ClCompile>
    <ClCompile Include="source\core\application\applicationImpl.cpp">
      <Filter>Source Files</Filter>
    </ClCompile>
    <ClCompile Include="source\core\clock.cpp">
      <Filter>Source Files</Filter>
    </ClCompile>
    <ClCompile Include="source\core\game.cpp">
      <Filter>Source Files</Filter>
    </ClCompile>
    <ClCompile Include="source\platform\win64\plaform.cpp">
      <Filter>Source Files</Filter>
    </ClCompile>
    <ClCompile Include="source\platform\win64\platformClock.cpp">
      <Filter>Source Files</Filter>
    </ClCompile>
    <ClCompile Include="source\platform\win64\platformFileSystem.cpp">
      <Filter>Source Files</Filter>
    </ClCompile>
    <ClCompile Include="source\platform\win64\platformInput.cpp">
      <Filter>Source Files</Filter>
    </ClCompile>
    <ClCompile Include="source\platform\win64\window.cpp">
      <Filter>Source Files</Filter>
    </ClCompile>
    <ClCompile Include="include\systems\ecs\entityManager\entityManager.cpp">
      <Filter>Source Files</Filter>
    </ClCompile>
    <ClCompile Include="source\systems\events\eventSystem.cpp">
      <Filter>Source Files</Filter>
    </ClCompile>
    <ClCompile Include="source\systems\input\inputSystem.cpp">
      <Filter>Source Files</Filter>
    </ClCompile>
    <ClCompile Include="source\systems\renderer\vulkan\vulkanComponents\builders\vulkanBufferBuilder.cpp">
      <Filter>Source Files</Filter>
    </ClCompile>
    <ClCompile Include="source\systems\renderer\vulkan\vulkanComponents\builders\vulkanCommandBufferBuilder.cpp">
      <Filter>Source Files</Filter>
    </ClCompile>
    <ClCompile Include="source\systems\renderer\vulkan\vulkanComponents\builders\vulkanCommandPoolBuilder.cpp">
      <Filter>Source Files</Filter>
    </ClCompile>
    <ClCompile Include="source\systems\renderer\vulkan\vulkanComponents\builders\vulkanDescriptorPoolBuilder.cpp">
      <Filter>Source Files</Filter>
    </ClCompile>
    <ClCompile Include="source\systems\renderer\vulkan\vulkanComponents\builders\vulkanDescriptorSetBuilder.cpp">
      <Filter>Source Files</Filter>
    </ClCompile>
    <ClCompile Include="source\systems\renderer\vulkan\vulkanComponents\builders\vulkanDescriptorSetLayoutBuilder.cpp">
      <Filter>Source Files</Filter>
    </ClCompile>
    <ClCompile Include="source\systems\renderer\vulkan\vulkanComponents\builders\vulkanDeviceBuilder.cpp">
      <Filter>Source Files</Filter>
    </ClCompile>
    <ClCompile Include="source\systems\renderer\vulkan\vulkanComponents\builders\vulkanFenceBuilder.cpp">
      <Filter>Source Files</Filter>
    </ClCompile>
    <ClCompile Include="source\systems\renderer\vulkan\vulkanComponents\builders\vulkanFramebufferBuilder.cpp">
      <Filter>Source Files</Filter>
    </ClCompile>
    <ClCompile Include="source\systems\renderer\vulkan\vulkanComponents\builders\vulkanImageBuilder.cpp">
      <Filter>Source Files</Filter>
    </ClCompile>
    <ClCompile Include="source\systems\renderer\vulkan\vulkanComponents\builders\vulkanInstanceBuilder.cpp">
      <Filter>Source Files</Filter>
    </ClCompile>
    <ClCompile Include="source\systems\renderer\vulkan\vulkanComponents\builders\vulkanPipelineBuilder.cpp">
      <Filter>Source Files</Filter>
    </ClCompile>
    <ClCompile Include="source\systems\renderer\vulkan\vulkanComponents\builders\vulkanQueueBuilder.cpp">
      <Filter>Source Files</Filter>
    </ClCompile>
    <ClCompile Include="source\systems\renderer\vulkan\vulkanComponents\builders\vulkanRenderPassBuilder.cpp">
      <Filter>Source Files</Filter>
    </ClCompile>
    <ClCompile Include="source\systems\renderer\vulkan\vulkanComponents\builders\vulkanSamplerBuilder.cpp">
      <Filter>Source Files</Filter>
    </ClCompile>
    <ClCompile Include="source\systems\renderer\vulkan\vulkanComponents\builders\vulkanSemaphoreBuilder.cpp">
      <Filter>Source Files</Filter>
    </ClCompile>
    <ClCompile Include="source\systems\renderer\vulkan\vulkanComponents\builders\vulkanShaderModuleBuilder.cpp">
      <Filter>Source Files</Filter>
    </ClCompile>
    <ClCompile Include="source\systems\renderer\vulkan\vulkanComponents\builders\vulkanSurfaceBuilder.cpp">
      <Filter>Source Files</Filter>
    </ClCompile>
    <ClCompile Include="source\systems\renderer\vulkan\vulkanComponents\builders\vulkanSwapchainBuilder.cpp">
      <Filter>Source Files</Filter>
    </ClCompile>
    <ClCompile Include="source\systems\renderer\vulkan\vulkanComponents\vulkanBuffer.cpp">
      <Filter>Source Files</Filter>
    </ClCompile>
    <ClCompile Include="source\systems\renderer\vulkan\vulkanComponents\vulkanCommandBuffer.cpp">
      <Filter>Source Files</Filter>
    </ClCompile>
    <ClCompile Include="source\systems\renderer\vulkan\vulkanComponents\vulkanCommandPool.cpp">
      <Filter>Source Files</Filter>
    </ClCompile>
    <ClCompile Include="source\systems\renderer\vulkan\vulkanComponents\vulkanDescriptorPool.cpp">
      <Filter>Source Files</Filter>
    </ClCompile>
    <ClCompile Include="source\systems\renderer\vulkan\vulkanComponents\vulkanDescriptorSet.cpp">
      <Filter>Source Files</Filter>
    </ClCompile>
    <ClCompile Include="source\systems\renderer\vulkan\vulkanComponents\vulkanDescriptorSetLayout.cpp">
      <Filter>Source Files</Filter>
    </ClCompile>
    <ClCompile Include="source\systems\renderer\vulkan\vulkanComponents\vulkanDevice.cpp">
      <Filter>Source Files</Filter>
    </ClCompile>
    <ClCompile Include="source\systems\renderer\vulkan\vulkanComponents\vulkanFence.cpp">
      <Filter>Source Files</Filter>
    </ClCompile>
    <ClCompile Include="source\systems\renderer\vulkan\vulkanComponents\vulkanFramebuffer.cpp">
      <Filter>Source Files</Filter>
    </ClCompile>
    <ClCompile Include="source\systems\renderer\vulkan\vulkanComponents\vulkanImage.cpp">
      <Filter>Source Files</Filter>
    </ClCompile>
    <ClCompile Include="source\systems\renderer\vulkan\vulkanComponents\vulkanInstance.cpp">
      <Filter>Source Files</Filter>
    </ClCompile>
    <ClCompile Include="source\systems\renderer\vulkan\vulkanComponents\vulkanPipeline.cpp">
      <Filter>Source Files</Filter>
    </ClCompile>
    <ClCompile Include="source\systems\renderer\vulkan\vulkanComponents\vulkanQueue.cpp">
      <Filter>Source Files</Filter>
    </ClCompile>
    <ClCompile Include="source\systems\renderer\vulkan\vulkanComponents\vulkanRenderPass.cpp">
      <Filter>Source Files</Filter>
    </ClCompile>
    <ClCompile Include="source\systems\renderer\vulkan\vulkanComponents\vulkanSampler.cpp">
      <Filter>Source Files</Filter>
    </ClCompile>
    <ClCompile Include="source\systems\renderer\vulkan\vulkanComponents\vulkanSemaphore.cpp">
      <Filter>Source Files</Filter>
    </ClCompile>
    <ClCompile Include="source\systems\renderer\vulkan\vulkanComponents\vulkanShaderModule.cpp">
      <Filter>Source Files</Filter>
    </ClCompile>
    <ClCompile Include="source\systems\renderer\vulkan\vulkanComponents\vulkanSurface.cpp">
      <Filter>Source Files</Filter>
    </ClCompile>
    <ClCompile Include="source\systems\renderer\vulkan\vulkanComponents\vulkanSwapchain.cpp">
      <Filter>Source Files</Filter>
    </ClCompile>
    <ClCompile Include="source\systems\renderer\vulkan\vulkanRenderer.cpp">
      <Filter>Source Files</Filter>
    </ClCompile>
    <ClCompile Include="source\systems\renderer\rendererSystem.cpp">
      <Filter>Source Files</Filter>
    </ClCompile>
    <ClCompile Include="source\systems\resource\resourceSystem.cpp">
      <Filter>Source Files</Filter>
    </ClCompile>
  </ItemGroup>
</Project>